{
  "name": "webrtc",
  "version": "1.0.0",
  "lockfileVersion": 1,
  "requires": true,
  "dependencies": {
    "video-stream-merger": {
      "version": "3.3.1",
      "resolved": "https://registry.npmjs.org/video-stream-merger/-/video-stream-merger-3.3.1.tgz",
      "integrity": "sha512-aQdlEUGp7r3HkQram6zom4QDzwIXeLo6XzST1e+1v3atkZoC0mIIFhuv0z/MHk8Yi6EN53u2jT8GbzqmxjUmnQ=="
    }
  }
}
